
Microsoft Visual Studio Solution File, Format Version 12.00
# Visual Studio Version 17
VisualStudioVersion = 17.14.36121.58 d17.14
MinimumVisualStudioVersion = 10.0.40219.1
Project("{FAE04EC0-301F-11D3-BF4B-00C04F79EFBC}") = "MathLib", "MathLib.csproj", "{7DD82A49-5E2C-40FA-95AF-898389BB6727}"
EndProject
Global
	GlobalSection(SolutionConfigurationPlatforms) = preSolution
		Debug|Any CPU = Debug|Any CPU
		Release|Any CPU = Release|Any CPU
	EndGlobalSection
	GlobalSection(ProjectConfigurationPlatforms) = postSolution
		{7DD82A49-5E2C-40FA-95AF-898389BB6727}.Debug|Any CPU.ActiveCfg = Debug|Any CPU
		{7DD82A49-5E2C-40FA-95AF-898389BB6727}.Debug|Any CPU.Build.0 = Debug|Any CPU
		{7DD82A49-5E2C-40FA-95AF-898389BB6727}.Release|Any CPU.ActiveCfg = Release|Any CPU
		{7DD82A49-5E2C-40FA-95AF-898389BB6727}.Release|Any CPU.Build.0 = Release|Any CPU
	EndGlobalSection
	GlobalSection(SolutionProperties) = preSolution
		HideSolutionNode = FALSE
	EndGlobalSection
	GlobalSection(ExtensibilityGlobals) = postSolution
		SolutionGuid = {4C02A403-30FA-486A-BF5E-328B33FDA6BA}
	EndGlobalSection
EndGlobal
