
Microsoft Visual Studio Solution File, Format Version 12.00
# Visual Studio Version 17
VisualStudioVersion = 17.9.34714.143
MinimumVisualStudioVersion = 10.0.40219.1
Project("{FAE04EC0-301F-11D3-BF4B-00C04F79EFBC}") = "Lekcja3", "Lekcja3.csproj", "{06904621-5ED0-40B9-96C1-1CF8EF01095E}"
EndProject
Global
	GlobalSection(SolutionConfigurationPlatforms) = preSolution
		Debug|Any CPU = Debug|Any CPU
		Release|Any CPU = Release|Any CPU
	EndGlobalSection
	GlobalSection(ProjectConfigurationPlatforms) = postSolution
		{06904621-5ED0-40B9-96C1-1CF8EF01095E}.Debug|Any CPU.ActiveCfg = Debug|Any CPU
		{06904621-5ED0-40B9-96C1-1CF8EF01095E}.Debug|Any CPU.Build.0 = Debug|Any CPU
		{06904621-5ED0-40B9-96C1-1CF8EF01095E}.Release|Any CPU.ActiveCfg = Release|Any CPU
		{06904621-5ED0-40B9-96C1-1CF8EF01095E}.Release|Any CPU.Build.0 = Release|Any CPU
	EndGlobalSection
	GlobalSection(SolutionProperties) = preSolution
		HideSolutionNode = FALSE
	EndGlobalSection
	GlobalSection(ExtensibilityGlobals) = postSolution
		SolutionGuid = {2272AAB6-F030-4758-B33C-5232A5F8CF29}
	EndGlobalSection
EndGlobal
