
Microsoft Visual Studio Solution File, Format Version 12.00
# Visual Studio Version 17
VisualStudioVersion = 17.13.35931.197 d17.13
MinimumVisualStudioVersion = 10.0.40219.1
Project("{FAE04EC0-301F-11D3-BF4B-00C04F79EFBC}") = "WpfApp1", "WpfApp1\WpfApp1.csproj", "{B28B3D30-1307-4941-ADFC-20D0D7D56A1F}"
EndProject
Global
	GlobalSection(SolutionConfigurationPlatforms) = preSolution
		Debug|Any CPU = Debug|Any CPU
		Release|Any CPU = Release|Any CPU
	EndGlobalSection
	GlobalSection(ProjectConfigurationPlatforms) = postSolution
		{B28B3D30-1307-4941-ADFC-20D0D7D56A1F}.Debug|Any CPU.ActiveCfg = Debug|Any CPU
		{B28B3D30-1307-4941-ADFC-20D0D7D56A1F}.Debug|Any CPU.Build.0 = Debug|Any CPU
		{B28B3D30-1307-4941-ADFC-20D0D7D56A1F}.Release|Any CPU.ActiveCfg = Release|Any CPU
		{B28B3D30-1307-4941-ADFC-20D0D7D56A1F}.Release|Any CPU.Build.0 = Release|Any CPU
	EndGlobalSection
	GlobalSection(SolutionProperties) = preSolution
		HideSolutionNode = FALSE
	EndGlobalSection
	GlobalSection(ExtensibilityGlobals) = postSolution
		SolutionGuid = {7F8BC094-CDCA-46ED-A4B9-7E30F1838583}
	EndGlobalSection
EndGlobal
