
Microsoft Visual Studio Solution File, Format Version 12.00
# Visual Studio Version 17
VisualStudioVersion = 17.9.34714.143
MinimumVisualStudioVersion = 10.0.40219.1
Project("{FAE04EC0-301F-11D3-BF4B-00C04F79EFBC}") = "Lekcja6", "Lekcja6.csproj", "{11F1A9C4-AEC2-4EB8-A58D-B89BB22DE6A3}"
EndProject
Global
	GlobalSection(SolutionConfigurationPlatforms) = preSolution
		Debug|Any CPU = Debug|Any CPU
		Release|Any CPU = Release|Any CPU
	EndGlobalSection
	GlobalSection(ProjectConfigurationPlatforms) = postSolution
		{11F1A9C4-AEC2-4EB8-A58D-B89BB22DE6A3}.Debug|Any CPU.ActiveCfg = Debug|Any CPU
		{11F1A9C4-AEC2-4EB8-A58D-B89BB22DE6A3}.Debug|Any CPU.Build.0 = Debug|Any CPU
		{11F1A9C4-AEC2-4EB8-A58D-B89BB22DE6A3}.Release|Any CPU.ActiveCfg = Release|Any CPU
		{11F1A9C4-AEC2-4EB8-A58D-B89BB22DE6A3}.Release|Any CPU.Build.0 = Release|Any CPU
	EndGlobalSection
	GlobalSection(SolutionProperties) = preSolution
		HideSolutionNode = FALSE
	EndGlobalSection
	GlobalSection(ExtensibilityGlobals) = postSolution
		SolutionGuid = {5D5D69C6-7FFB-4144-BBAA-8D2475DCD57D}
	EndGlobalSection
EndGlobal
