
Microsoft Visual Studio Solution File, Format Version 12.00
# Visual Studio Version 17
VisualStudioVersion = 17.12.35707.178
MinimumVisualStudioVersion = 10.0.40219.1
Project("{FAE04EC0-301F-11D3-BF4B-00C04F79EFBC}") = "Lekcja20", "Lekcja20.csproj", "{01291C74-53E2-4174-99F8-9A667A386835}"
EndProject
Global
	GlobalSection(SolutionConfigurationPlatforms) = preSolution
		Debug|Any CPU = Debug|Any CPU
		Release|Any CPU = Release|Any CPU
	EndGlobalSection
	GlobalSection(ProjectConfigurationPlatforms) = postSolution
		{01291C74-53E2-4174-99F8-9A667A386835}.Debug|Any CPU.ActiveCfg = Debug|Any CPU
		{01291C74-53E2-4174-99F8-9A667A386835}.Debug|Any CPU.Build.0 = Debug|Any CPU
		{01291C74-53E2-4174-99F8-9A667A386835}.Release|Any CPU.ActiveCfg = Release|Any CPU
		{01291C74-53E2-4174-99F8-9A667A386835}.Release|Any CPU.Build.0 = Release|Any CPU
	EndGlobalSection
	GlobalSection(SolutionProperties) = preSolution
		HideSolutionNode = FALSE
	EndGlobalSection
EndGlobal
