
Microsoft Visual Studio Solution File, Format Version 12.00
# Visual Studio Version 17
VisualStudioVersion = 17.9.34714.143
MinimumVisualStudioVersion = 10.0.40219.1
Project("{FAE04EC0-301F-11D3-BF4B-00C04F79EFBC}") = "Lekcja1", "Lekcja1.csproj", "{498A3E41-D4CF-47D8-848F-24C5B3FEC6CB}"
EndProject
Global
	GlobalSection(SolutionConfigurationPlatforms) = preSolution
		Debug|Any CPU = Debug|Any CPU
		Release|Any CPU = Release|Any CPU
	EndGlobalSection
	GlobalSection(ProjectConfigurationPlatforms) = postSolution
		{498A3E41-D4CF-47D8-848F-24C5B3FEC6CB}.Debug|Any CPU.ActiveCfg = Debug|Any CPU
		{498A3E41-D4CF-47D8-848F-24C5B3FEC6CB}.Debug|Any CPU.Build.0 = Debug|Any CPU
		{498A3E41-D4CF-47D8-848F-24C5B3FEC6CB}.Release|Any CPU.ActiveCfg = Release|Any CPU
		{498A3E41-D4CF-47D8-848F-24C5B3FEC6CB}.Release|Any CPU.Build.0 = Release|Any CPU
	EndGlobalSection
	GlobalSection(SolutionProperties) = preSolution
		HideSolutionNode = FALSE
	EndGlobalSection
	GlobalSection(ExtensibilityGlobals) = postSolution
		SolutionGuid = {4609E622-CD80-4A1A-A255-59489EB426F2}
	EndGlobalSection
EndGlobal
