
Microsoft Visual Studio Solution File, Format Version 12.00
# Visual Studio Version 17
VisualStudioVersion = 17.14.36121.58 d17.14
MinimumVisualStudioVersion = 10.0.40219.1
Project("{FAE04EC0-301F-11D3-BF4B-00C04F79EFBC}") = "Zadanie8", "Zadanie8\Zadanie8.csproj", "{8943D7AD-C7B4-4467-A2A6-DDEB063E3F05}"
EndProject
Global
	GlobalSection(SolutionConfigurationPlatforms) = preSolution
		Debug|Any CPU = Debug|Any CPU
		Release|Any CPU = Release|Any CPU
	EndGlobalSection
	GlobalSection(ProjectConfigurationPlatforms) = postSolution
		{8943D7AD-C7B4-4467-A2A6-DDEB063E3F05}.Debug|Any CPU.ActiveCfg = Debug|Any CPU
		{8943D7AD-C7B4-4467-A2A6-DDEB063E3F05}.Debug|Any CPU.Build.0 = Debug|Any CPU
		{8943D7AD-C7B4-4467-A2A6-DDEB063E3F05}.Release|Any CPU.ActiveCfg = Release|Any CPU
		{8943D7AD-C7B4-4467-A2A6-DDEB063E3F05}.Release|Any CPU.Build.0 = Release|Any CPU
	EndGlobalSection
	GlobalSection(SolutionProperties) = preSolution
		HideSolutionNode = FALSE
	EndGlobalSection
	GlobalSection(ExtensibilityGlobals) = postSolution
		SolutionGuid = {75CB26FA-2420-44F6-B49A-10A3B5E95F11}
	EndGlobalSection
EndGlobal
